// !$*UTF8*$!
{
	archiveVersion = 1;
	classes = {
	};
	objectVersion = 56;
	objects = {

/* Begin PBXBuildFile section */
		57A98A2C2A4B2C1A00B1048F /* KakaoListViewMSApp.swift in Sources */ = {isa = PBXBuildFile; fileRef = 57A98A2B2A4B2C1A00B1048F /* KakaoListViewMSApp.swift */; };
		57A98A2E2A4B2C1A00B1048F /* ContentView.swift in Sources */ = {isa = PBXBuildFile; fileRef = 57A98A2D2A4B2C1A00B1048F /* ContentView.swift */; };
		57A98A302A4B2C1B00B1048F /* Assets.xcassets in Resources */ = {isa = PBXBuildFile; fileRef = 57A98A2F2A4B2C1B00B1048F /* Assets.xcassets */; };
		57A98A332A4B2C1B00B1048F /* Preview Assets.xcassets in Resources */ = {isa = PBXBuildFile; fileRef = 57A98A322A4B2C1B00B1048F /* Preview Assets.xcassets */; };
		57A98A3A2A4B2CC800B1048F /* ChatPage.swift in Sources */ = {isa = PBXBuildFile; fileRef = 57A98A392A4B2CC800B1048F /* ChatPage.swift */; };
		57A98A3C2A4B2CD900B1048F /* User.swift in Sources */ = {isa = PBXBuildFile; fileRef = 57A98A3B2A4B2CD900B1048F /* User.swift */; };
		57A98A3E2A4B2CE800B1048F /* UserStore.swift in Sources */ = {isa = PBXBuildFile; fileRef = 57A98A3D2A4B2CE800B1048F /* UserStore.swift */; };
/* End PBXBuildFile section */

/* Begin PBXFileReference section */
		57A98A282A4B2C1A00B1048F /* KakaoListViewMS.app */ = {isa = PBXFileReference; explicitFileType = wrapper.application; includeInIndex = 0; path = KakaoListViewMS.app; sourceTree = BUILT_PRODUCTS_DIR; };
		57A98A2B2A4B2C1A00B1048F /* KakaoListViewMSApp.swift */ = {isa = PBXFileReference; lastKnownFileType = sourcecode.swift; path = KakaoListViewMSApp.swift; sourceTree = "<group>"; };
		57A98A2D2A4B2C1A00B1048F /* ContentView.swift */ = {isa = PBXFileReference; lastKnownFileType = sourcecode.swift; path = ContentView.swift; sourceTree = "<group>"; };
		57A98A2F2A4B2C1B00B1048F /* Assets.xcassets */ = {isa = PBXFileReference; lastKnownFileType = folder.assetcatalog; path = Assets.xcassets; sourceTree = "<group>"; };
		57A98A322A4B2C1B00B1048F /* Preview Assets.xcassets */ = {isa = PBXFileReference; lastKnownFileType = folder.assetcatalog; path = "Preview Assets.xcassets"; sourceTree = "<group>"; };
		57A98A392A4B2CC800B1048F /* ChatPage.swift */ = {isa = PBXFileReference; lastKnownFileType = sourcecode.swift; path = ChatPage.swift; sourceTree = "<group>"; };
		57A98A3B2A4B2CD900B1048F /* User.swift */ = {isa = PBXFileReference; lastKnownFileType = sourcecode.swift; path = User.swift; sourceTree = "<group>"; };
		57A98A3D2A4B2CE800B1048F /* UserStore.swift */ = {isa = PBXFileReference; lastKnownFileType = sourcecode.swift; path = UserStore.swift; sourceTree = "<group>"; };
/* End PBXFileReference section */

/* Begin PBXFrameworksBuildPhase section */
		57A98A252A4B2C1A00B1048F /* Frameworks */ = {
			isa = PBXFrameworksBuildPhase;
			buildActionMask = 2147483647;
			files = (
			);
			runOnlyForDeploymentPostprocessing = 0;
		};
/* End PBXFrameworksBuildPhase section */

/* Begin PBXGroup section */
		57A98A1F2A4B2C1A00B1048F = {
			isa = PBXGroup;
			children = (
				57A98A2A2A4B2C1A00B1048F /* KakaoListViewMS */,
				57A98A292A4B2C1A00B1048F /* Products */,
			);
			sourceTree = "<group>";
		};
		57A98A292A4B2C1A00B1048F /* Products */ = {
			isa = PBXGroup;
			children = (
				57A98A282A4B2C1A00B1048F /* KakaoListViewMS.app */,
			);
			name = Products;
			sourceTree = "<group>";
		};
		57A98A2A2A4B2C1A00B1048F /* KakaoListViewMS */ = {
			isa = PBXGroup;
			children = (
				57A98A2B2A4B2C1A00B1048F /* KakaoListViewMSApp.swift */,
				57A98A2D2A4B2C1A00B1048F /* ContentView.swift */,
				57A98A392A4B2CC800B1048F /* ChatPage.swift */,
				57A98A3B2A4B2CD900B1048F /* User.swift */,
				57A98A3D2A4B2CE800B1048F /* UserStore.swift */,
				57A98A2F2A4B2C1B00B1048F /* Assets.xcassets */,
				57A98A312A4B2C1B00B1048F /* Preview Content */,
			);
			path = KakaoListViewMS;
			sourceTree = "<group>";
		};
		57A98A312A4B2C1B00B1048F /* Preview Content */ = {
			isa = PBXGroup;
			children = (
				57A98A322A4B2C1B00B1048F /* Preview Assets.xcassets */,
			);
			path = "Preview Content";
			sourceTree = "<group>";
		};
/* End PBXGroup section */

/* Begin PBXNativeTarget section */
		57A98A272A4B2C1A00B1048F /* KakaoListViewMS */ = {
			isa = PBXNativeTarget;
			buildConfigurationList = 57A98A362A4B2C1B00B1048F /* Build configuration list for PBXNativeTarget "KakaoListViewMS" */;
			buildPhases = (
				57A98A242A4B2C1A00B1048F /* Sources */,
				57A98A252A4B2C1A00B1048F /* Frameworks */,
				57A98A262A4B2C1A00B1048F /* Resources */,
			);
			buildRules = (
			);
			dependencies = (
			);
			name = KakaoListViewMS;
			productName = KakaoListViewMS;
			productReference = 57A98A282A4B2C1A00B1048F /* KakaoListViewMS.app */;
			productType = "com.apple.product-type.application";
		};
/* End PBXNativeTarget section */

/* Begin PBXProject section */
		57A98A202A4B2C1A00B1048F /* Project object */ = {
			isa = PBXProject;
			attributes = {
				BuildIndependentTargetsInParallel = 1;
				LastSwiftUpdateCheck = 1430;
				LastUpgradeCheck = 1430;
				TargetAttributes = {
					57A98A272A4B2C1A00B1048F = {
						CreatedOnToolsVersion = 14.3.1;
					};
				};
			};
			buildConfigurationList = 57A98A232A4B2C1A00B1048F /* Build configuration list for PBXProject "KakaoListViewMS" */;
			compatibilityVersion = "Xcode 14.0";
			developmentRegion = en;
			hasScannedForEncodings = 0;
			knownRegions = (
				en,
				Base,
			);
			mainGroup = 57A98A1F2A4B2C1A00B1048F;
			productRefGroup = 57A98A292A4B2C1A00B1048F /* Products */;
			projectDirPath = "";
			projectRoot = "";
			targets = (
				57A98A272A4B2C1A00B1048F /* KakaoListViewMS */,
			);
		};
/* End PBXProject section */

/* Begin PBXResourcesBuildPhase section */
		57A98A262A4B2C1A00B1048F /* Resources */ = {
			isa = PBXResourcesBuildPhase;
			buildActionMask = 2147483647;
			files = (
				57A98A332A4B2C1B00B1048F /* Preview Assets.xcassets in Resources */,
				57A98A302A4B2C1B00B1048F /* Assets.xcassets in Resources */,
			);
			runOnlyForDeploymentPostprocessing = 0;
		};
/* End PBXResourcesBuildPhase section */

/* Begin PBXSourcesBuildPhase section */
		57A98A242A4B2C1A00B1048F /* Sources */ = {
			isa = PBXSourcesBuildPhase;
			buildActionMask = 2147483647;
			files = (
				57A98A3C2A4B2CD900B1048F /* User.swift in Sources */,
				57A98A3E2A4B2CE800B1048F /* UserStore.swift in Sources */,
				57A98A2E2A4B2C1A00B1048F /* ContentView.swift in Sources */,
				57A98A2C2A4B2C1A00B1048F /* KakaoListViewMSApp.swift in Sources */,
				57A98A3A2A4B2CC800B1048F /* ChatPage.swift in Sources */,
			);
			runOnlyForDeploymentPostprocessing = 0;
		};
/* End PBXSourcesBuildPhase section */

/* Begin XCBuildConfiguration section */
		57A98A342A4B2C1B00B1048F /* Debug */ = {
			isa = XCBuildConfiguration;
			buildSettings = {
				ALWAYS_SEARCH_USER_PATHS = NO;
				CLANG_ANALYZER_NONNULL = YES;
				CLANG_ANALYZER_NUMBER_OBJECT_CONVERSION = YES_AGGRESSIVE;
				CLANG_CXX_LANGUAGE_STANDARD = "gnu++20";
				CLANG_ENABLE_MODULES = YES;
				CLANG_ENABLE_OBJC_ARC = YES;
				CLANG_ENABLE_OBJC_WEAK = YES;
				CLANG_WARN_BLOCK_CAPTURE_AUTORELEASING = YES;
				CLANG_WARN_BOOL_CONVERSION = YES;
				CLANG_WARN_COMMA = YES;
				CLANG_WARN_CONSTANT_CONVERSION = YES;
				CLANG_WARN_DEPRECATED_OBJC_IMPLEMENTATIONS = YES;
				CLANG_WARN_DIRECT_OBJC_ISA_USAGE = YES_ERROR;
				CLANG_WARN_DOCUMENTATION_COMMENTS = YES;
				CLANG_WARN_EMPTY_BODY = YES;
				CLANG_WARN_ENUM_CONVERSION = YES;
				CLANG_WARN_INFINITE_RECURSION = YES;
				CLANG_WARN_INT_CONVERSION = YES;
				CLANG_WARN_NON_LITERAL_NULL_CONVERSION = YES;
				CLANG_WARN_OBJC_IMPLICIT_RETAIN_SELF = YES;
				CLANG_WARN_OBJC_LITERAL_CONVERSION = YES;
				CLANG_WARN_OBJC_ROOT_CLASS = YES_ERROR;
				CLANG_WARN_QUOTED_INCLUDE_IN_FRAMEWORK_HEADER = YES;
				CLANG_WARN_RANGE_LOOP_ANALYSIS = YES;
				CLANG_WARN_STRICT_PROTOTYPES = YES;
				CLANG_WARN_SUSPICIOUS_MOVE = YES;
				CLANG_WARN_UNGUARDED_AVAILABILITY = YES_AGGRESSIVE;
				CLANG_WARN_UNREACHABLE_CODE = YES;
				CLANG_WARN__DUPLICATE_METHOD_MATCH = YES;
				COPY_PHASE_STRIP = NO;
				DEBUG_INFORMATION_FORMAT = dwarf;
				ENABLE_STRICT_OBJC_MSGSEND = YES;
				ENABLE_TESTABILITY = YES;
				GCC_C_LANGUAGE_STANDARD = gnu11;
				GCC_DYNAMIC_NO_PIC = NO;
				GCC_NO_COMMON_BLOCKS = YES;
				GCC_OPTIMIZATION_LEVEL = 0;
				GCC_PREPROCESSOR_DEFINITIONS = (
					"DEBUG=1",
					"$(inherited)",
				);
				GCC_WARN_64_TO_32_BIT_CONVERSION = YES;
				GCC_WARN_ABOUT_RETURN_TYPE = YES_ERROR;
				GCC_WARN_UNDECLARED_SELECTOR = YES;
				GCC_WARN_UNINITIALIZED_AUTOS = YES_AGGRESSIVE;
				GCC_WARN_UNUSED_FUNCTION = YES;
				GCC_WARN_UNUSED_VARIABLE = YES;
				IPHONEOS_DEPLOYMENT_TARGET = 16.4;
				MTL_ENABLE_DEBUG_INFO = INCLUDE_SOURCE;
				MTL_FAST_MATH = YES;
				ONLY_ACTIVE_ARCH = YES;
				SDKROOT = iphoneos;
				SWIFT_ACTIVE_COMPILATION_CONDITIONS = DEBUG;
				SWIFT_OPTIMIZATION_LEVEL = "-Onone";
			};
			name = Debug;
		};
		57A98A352A4B2C1B00B1048F /* Release */ = {
			isa = XCBuildConfiguration;
			buildSettings = {
				ALWAYS_SEARCH_USER_PATHS = NO;
				CLANG_ANALYZER_NONNULL = YES;
				CLANG_ANALYZER_NUMBER_OBJECT_CONVERSION = YES_AGGRESSIVE;
				CLANG_CXX_LANGUAGE_STANDARD = "gnu++20";
				CLANG_ENABLE_MODULES = YES;
				CLANG_ENABLE_OBJC_ARC = YES;
				CLANG_ENABLE_OBJC_WEAK = YES;
				CLANG_WARN_BLOCK_CAPTURE_AUTORELEASING = YES;
				CLANG_WARN_BOOL_CONVERSION = YES;
				CLANG_WARN_COMMA = YES;
				CLANG_WARN_CONSTANT_CONVERSION = YES;
				CLANG_WARN_DEPRECATED_OBJC_IMPLEMENTATIONS = YES;
				CLANG_WARN_DIRECT_OBJC_ISA_USAGE = YES_ERROR;
				CLANG_WARN_DOCUMENTATION_COMMENTS = YES;
				CLANG_WARN_EMPTY_BODY = YES;
				CLANG_WARN_ENUM_CONVERSION = YES;
				CLANG_WARN_INFINITE_RECURSION = YES;
				CLANG_WARN_INT_CONVERSION = YES;
				CLANG_WARN_NON_LITERAL_NULL_CONVERSION = YES;
				CLANG_WARN_OBJC_IMPLICIT_RETAIN_SELF = YES;
				CLANG_WARN_OBJC_LITERAL_CONVERSION = YES;
				CLANG_WARN_OBJC_ROOT_CLASS = YES_ERROR;
				CLANG_WARN_QUOTED_INCLUDE_IN_FRAMEWORK_HEADER = YES;
				CLANG_WARN_RANGE_LOOP_ANALYSIS = YES;
				CLANG_WARN_STRICT_PROTOTYPES = YES;
				CLANG_WARN_SUSPICIOUS_MOVE = YES;
				CLANG_WARN_UNGUARDED_AVAILABILITY = YES_AGGRESSIVE;
				CLANG_WARN_UNREACHABLE_CODE = YES;
				CLANG_WARN__DUPLICATE_METHOD_MATCH = YES;
				COPY_PHASE_STRIP = NO;
				DEBUG_INFORMATION_FORMAT = "dwarf-with-dsym";
				ENABLE_NS_ASSERTIONS = NO;
				ENABLE_STRICT_OBJC_MSGSEND = YES;
				GCC_C_LANGUAGE_STANDARD = gnu11;
				GCC_NO_COMMON_BLOCKS = YES;
				GCC_WARN_64_TO_32_BIT_CONVERSION = YES;
				GCC_WARN_ABOUT_RETURN_TYPE = YES_ERROR;
				GCC_WARN_UNDECLARED_SELECTOR = YES;
				GCC_WARN_UNINITIALIZED_AUTOS = YES_AGGRESSIVE;
				GCC_WARN_UNUSED_FUNCTION = YES;
				GCC_WARN_UNUSED_VARIABLE = YES;
				IPHONEOS_DEPLOYMENT_TARGET = 16.4;
				MTL_ENABLE_DEBUG_INFO = NO;
				MTL_FAST_MATH = YES;
				SDKROOT = iphoneos;
				SWIFT_COMPILATION_MODE = wholemodule;
				SWIFT_OPTIMIZATION_LEVEL = "-O";
				VALIDATE_PRODUCT = YES;
			};
			name = Release;
		};
		57A98A372A4B2C1B00B1048F /* Debug */ = {
			isa = XCBuildConfiguration;
			buildSettings = {
				ASSETCATALOG_COMPILER_APPICON_NAME = AppIcon;
				ASSETCATALOG_COMPILER_GLOBAL_ACCENT_COLOR_NAME = AccentColor;
				CODE_SIGN_STYLE = Automatic;
				CURRENT_PROJECT_VERSION = 1;
				DEVELOPMENT_ASSET_PATHS = "\"KakaoListViewMS/Preview Content\"";
				DEVELOPMENT_TEAM = ACJMUH34H4;
				ENABLE_PREVIEWS = YES;
				GENERATE_INFOPLIST_FILE = YES;
				INFOPLIST_KEY_UIApplicationSceneManifest_Generation = YES;
				INFOPLIST_KEY_UIApplicationSupportsIndirectInputEvents = YES;
				INFOPLIST_KEY_UILaunchScreen_Generation = YES;
				INFOPLIST_KEY_UISupportedInterfaceOrientations_iPad = "UIInterfaceOrientationPortrait UIInterfaceOrientationPortraitUpsideDown UIInterfaceOrientationLandscapeLeft UIInterfaceOrientationLandscapeRight";
				INFOPLIST_KEY_UISupportedInterfaceOrientations_iPhone = "UIInterfaceOrientationPortrait UIInterfaceOrientationLandscapeLeft UIInterfaceOrientationLandscapeRight";
				LD_RUNPATH_SEARCH_PATHS = (
					"$(inherited)",
					"@executable_path/Frameworks",
				);
				MARKETING_VERSION = 1.0;
				PRODUCT_BUNDLE_IDENTIFIER = com.jade.KakaoListViewMS;
				PRODUCT_NAME = "$(TARGET_NAME)";
				SWIFT_EMIT_LOC_STRINGS = YES;
				SWIFT_VERSION = 5.0;
				TARGETED_DEVICE_FAMILY = "1,2";
			};
			name = Debug;
		};
		57A98A382A4B2C1B00B1048F /* Release */ = {
			isa = XCBuildConfiguration;
			buildSettings = {
				ASSETCATALOG_COMPILER_APPICON_NAME = AppIcon;
				ASSETCATALOG_COMPILER_GLOBAL_ACCENT_COLOR_NAME = AccentColor;
				CODE_SIGN_STYLE = Automatic;
				CURRENT_PROJECT_VERSION = 1;
				DEVELOPMENT_ASSET_PATHS = "\"KakaoListViewMS/Preview Content\"";
				DEVELOPMENT_TEAM = ACJMUH34H4;
				ENABLE_PREVIEWS = YES;
				GENERATE_INFOPLIST_FILE = YES;
				INFOPLIST_KEY_UIApplicationSceneManifest_Generation = YES;
				INFOPLIST_KEY_UIApplicationSupportsIndirectInputEvents = YES;
				INFOPLIST_KEY_UILaunchScreen_Generation = YES;
				INFOPLIST_KEY_UISupportedInterfaceOrientations_iPad = "UIInterfaceOrientationPortrait UIInterfaceOrientationPortraitUpsideDown UIInterfaceOrientationLandscapeLeft UIInterfaceOrientationLandscapeRight";
				INFOPLIST_KEY_UISupportedInterfaceOrientations_iPhone = "UIInterfaceOrientationPortrait UIInterfaceOrientationLandscapeLeft UIInterfaceOrientationLandscapeRight";
				LD_RUNPATH_SEARCH_PATHS = (
					"$(inherited)",
					"@executable_path/Frameworks",
				);
				MARKETING_VERSION = 1.0;
				PRODUCT_BUNDLE_IDENTIFIER = com.jade.KakaoListViewMS;
				PRODUCT_NAME = "$(TARGET_NAME)";
				SWIFT_EMIT_LOC_STRINGS = YES;
				SWIFT_VERSION = 5.0;
				TARGETED_DEVICE_FAMILY = "1,2";
			};
			name = Release;
		};
/* End XCBuildConfiguration section */

/* Begin XCConfigurationList section */
		57A98A232A4B2C1A00B1048F /* Build configuration list for PBXProject "KakaoListViewMS" */ = {
			isa = XCConfigurationList;
			buildConfigurations = (
				57A98A342A4B2C1B00B1048F /* Debug */,
				57A98A352A4B2C1B00B1048F /* Release */,
			);
			defaultConfigurationIsVisible = 0;
			defaultConfigurationName = Release;
		};
		57A98A362A4B2C1B00B1048F /* Build configuration list for PBXNativeTarget "KakaoListViewMS" */ = {
			isa = XCConfigurationList;
			buildConfigurations = (
				57A98A372A4B2C1B00B1048F /* Debug */,
				57A98A382A4B2C1B00B1048F /* Release */,
			);
			defaultConfigurationIsVisible = 0;
			defaultConfigurationName = Release;
		};
/* End XCConfigurationList section */
	};
	rootObject = 57A98A202A4B2C1A00B1048F /* Project object */;
}
